
Microsoft Visual Studio Solution File, Format Version 12.00
# Visual Studio Version 17
VisualStudioVersion = 17.5.002.0
MinimumVisualStudioVersion = 10.0.40219.1
Project("{9A19103F-16F7-4668-BE54-9A1E7A4F7556}") = "api", "api\api.csproj", "{B7D3C38B-C58F-4153-87D7-DCBAE8E94F0B}"
EndProject
Project("{FAE04EC0-301F-11D3-BF4B-00C04F79EFBC}") = "tests", "tests\tests.csproj", "{55F2A40E-F281-4CCC-B9FA-A084C06FE5D7}"
EndProject
Project("{FAE04EC0-301F-11D3-BF4B-00C04F79EFBC}") = "entities", "entities\entities.csproj", "{8F1D6755-302F-4888-A3E7-F08C20402769}"
EndProject
Project("{FAE04EC0-301F-11D3-BF4B-00C04F79EFBC}") = "models", "models\models.csproj", "{A7565C20-1355-4EE2-906E-F75D7DEF8890}"
EndProject
Project("{FAE04EC0-301F-11D3-BF4B-00C04F79EFBC}") = "utils", "utils\utils.csproj", "{E9292ECE-3E98-4D03-BC55-E69EBBD40B95}"
EndProject
Project("{FAE04EC0-301F-11D3-BF4B-00C04F79EFBC}") = "workers", "workers\workers.csproj", "{37C7EDC8-4B25-468F-A5C1-BAED38AE3BCD}"
EndProject
Global
	GlobalSection(SolutionConfigurationPlatforms) = preSolution
		Debug|Any CPU = Debug|Any CPU
		Release|Any CPU = Release|Any CPU
	EndGlobalSection
	GlobalSection(ProjectConfigurationPlatforms) = postSolution
		{B7D3C38B-C58F-4153-87D7-DCBAE8E94F0B}.Debug|Any CPU.ActiveCfg = Debug|Any CPU
		{B7D3C38B-C58F-4153-87D7-DCBAE8E94F0B}.Debug|Any CPU.Build.0 = Debug|Any CPU
		{B7D3C38B-C58F-4153-87D7-DCBAE8E94F0B}.Release|Any CPU.ActiveCfg = Release|Any CPU
		{B7D3C38B-C58F-4153-87D7-DCBAE8E94F0B}.Release|Any CPU.Build.0 = Release|Any CPU
		{55F2A40E-F281-4CCC-B9FA-A084C06FE5D7}.Debug|Any CPU.ActiveCfg = Debug|Any CPU
		{55F2A40E-F281-4CCC-B9FA-A084C06FE5D7}.Debug|Any CPU.Build.0 = Debug|Any CPU
		{55F2A40E-F281-4CCC-B9FA-A084C06FE5D7}.Release|Any CPU.ActiveCfg = Release|Any CPU
		{55F2A40E-F281-4CCC-B9FA-A084C06FE5D7}.Release|Any CPU.Build.0 = Release|Any CPU
		{8F1D6755-302F-4888-A3E7-F08C20402769}.Debug|Any CPU.ActiveCfg = Debug|Any CPU
		{8F1D6755-302F-4888-A3E7-F08C20402769}.Debug|Any CPU.Build.0 = Debug|Any CPU
		{8F1D6755-302F-4888-A3E7-F08C20402769}.Release|Any CPU.ActiveCfg = Release|Any CPU
		{8F1D6755-302F-4888-A3E7-F08C20402769}.Release|Any CPU.Build.0 = Release|Any CPU
		{A7565C20-1355-4EE2-906E-F75D7DEF8890}.Debug|Any CPU.ActiveCfg = Debug|Any CPU
		{A7565C20-1355-4EE2-906E-F75D7DEF8890}.Debug|Any CPU.Build.0 = Debug|Any CPU
		{A7565C20-1355-4EE2-906E-F75D7DEF8890}.Release|Any CPU.ActiveCfg = Release|Any CPU
		{A7565C20-1355-4EE2-906E-F75D7DEF8890}.Release|Any CPU.Build.0 = Release|Any CPU
		{E9292ECE-3E98-4D03-BC55-E69EBBD40B95}.Debug|Any CPU.ActiveCfg = Debug|Any CPU
		{E9292ECE-3E98-4D03-BC55-E69EBBD40B95}.Debug|Any CPU.Build.0 = Debug|Any CPU
		{E9292ECE-3E98-4D03-BC55-E69EBBD40B95}.Release|Any CPU.ActiveCfg = Release|Any CPU
		{E9292ECE-3E98-4D03-BC55-E69EBBD40B95}.Release|Any CPU.Build.0 = Release|Any CPU
		{37C7EDC8-4B25-468F-A5C1-BAED38AE3BCD}.Debug|Any CPU.ActiveCfg = Debug|Any CPU
		{37C7EDC8-4B25-468F-A5C1-BAED38AE3BCD}.Debug|Any CPU.Build.0 = Debug|Any CPU
		{37C7EDC8-4B25-468F-A5C1-BAED38AE3BCD}.Release|Any CPU.ActiveCfg = Release|Any CPU
		{37C7EDC8-4B25-468F-A5C1-BAED38AE3BCD}.Release|Any CPU.Build.0 = Release|Any CPU
	EndGlobalSection
	GlobalSection(SolutionProperties) = preSolution
		HideSolutionNode = FALSE
	EndGlobalSection
	GlobalSection(ExtensibilityGlobals) = postSolution
		SolutionGuid = {329F69E7-8DAF-4AE4-9BB6-07C051F1C3EE}
	EndGlobalSection
EndGlobal
