
Microsoft Visual Studio Solution File, Format Version 12.00
# Visual Studio Version 17
VisualStudioVersion = 17.5.002.0
MinimumVisualStudioVersion = 10.0.40219.1
Project("{9A19103F-16F7-4668-BE54-9A1E7A4F7556}") = "Motto.WebApi", "Motto.WebApi\Motto.WebApi.csproj", "{B7D3C38B-C58F-4153-87D7-DCBAE8E94F0B}"
EndProject
Project("{9A19103F-16F7-4668-BE54-9A1E7A4F7556}") = "Motto.Domain", "Motto.Domain\Motto.Domain.csproj", "{64AB3981-D380-46C9-8C25-8E7E38FFDBB9}"
EndProject
Project("{9A19103F-16F7-4668-BE54-9A1E7A4F7556}") = "Motto.Data", "Motto.Data\Motto.Data.csproj", "{5E3F399F-7714-4942-B68F-40BBF0F8F697}"
EndProject
Project("{9A19103F-16F7-4668-BE54-9A1E7A4F7556}") = "Motto.Utils", "Motto.Utils\Motto.Utils.csproj", "{07886578-0DA0-40D3-9B3C-8B3C6F822853}"
EndProject
Project("{9A19103F-16F7-4668-BE54-9A1E7A4F7556}") = "Motto.Tests", "Motto.Tests\Motto.Tests.csproj", "{19CB2A6C-BD81-49D9-8F6F-3E1CD55C24C9}"
EndProject
Project("{9A19103F-16F7-4668-BE54-9A1E7A4F7556}") = "Motto.ConsumerApp", "Motto.ConsumerApp\Motto.ConsumerApp.csproj", "{4F877FC8-E45C-4387-BDCC-CFEB5ABA4EE9}"
EndProject
Project("{2150E333-8FDC-42A3-9474-1A3956D46DE8}") = "Solution Items", "Solution Items", "{D9692B75-9199-4862-85C6-525FFAF479EF}"
	ProjectSection(SolutionItems) = preProject
		ClientBase.ts = ClientBase.ts
		docfx.json = docfx.json
		makefile = makefile
		README.md = README.md
		toc.yml = toc.yml
		TODO.md = TODO.md
	EndProjectSection
EndProject
Project("{2150E333-8FDC-42A3-9474-1A3956D46DE8}") = "Docker Composers", "Docker Composers", "{EB38BC9D-2E41-42BA-A450-7DC1F55EF150}"
	ProjectSection(SolutionItems) = preProject
		docker-compose.projects.yml = docker-compose.projects.yml
		docker-compose.yml = docker-compose.yml
	EndProjectSection
EndProject
Global
	GlobalSection(SolutionConfigurationPlatforms) = preSolution
		Debug|Any CPU = Debug|Any CPU
		Release|Any CPU = Release|Any CPU
	EndGlobalSection
	GlobalSection(ProjectConfigurationPlatforms) = postSolution
		{B7D3C38B-C58F-4153-87D7-DCBAE8E94F0B}.Debug|Any CPU.ActiveCfg = Debug|Any CPU
		{B7D3C38B-C58F-4153-87D7-DCBAE8E94F0B}.Debug|Any CPU.Build.0 = Debug|Any CPU
		{B7D3C38B-C58F-4153-87D7-DCBAE8E94F0B}.Release|Any CPU.ActiveCfg = Release|Any CPU
		{B7D3C38B-C58F-4153-87D7-DCBAE8E94F0B}.Release|Any CPU.Build.0 = Release|Any CPU
		{64AB3981-D380-46C9-8C25-8E7E38FFDBB9}.Debug|Any CPU.ActiveCfg = Debug|Any CPU
		{64AB3981-D380-46C9-8C25-8E7E38FFDBB9}.Debug|Any CPU.Build.0 = Debug|Any CPU
		{64AB3981-D380-46C9-8C25-8E7E38FFDBB9}.Release|Any CPU.ActiveCfg = Release|Any CPU
		{64AB3981-D380-46C9-8C25-8E7E38FFDBB9}.Release|Any CPU.Build.0 = Release|Any CPU
		{5E3F399F-7714-4942-B68F-40BBF0F8F697}.Debug|Any CPU.ActiveCfg = Debug|Any CPU
		{5E3F399F-7714-4942-B68F-40BBF0F8F697}.Debug|Any CPU.Build.0 = Debug|Any CPU
		{5E3F399F-7714-4942-B68F-40BBF0F8F697}.Release|Any CPU.ActiveCfg = Release|Any CPU
		{5E3F399F-7714-4942-B68F-40BBF0F8F697}.Release|Any CPU.Build.0 = Release|Any CPU
		{07886578-0DA0-40D3-9B3C-8B3C6F822853}.Debug|Any CPU.ActiveCfg = Debug|Any CPU
		{07886578-0DA0-40D3-9B3C-8B3C6F822853}.Debug|Any CPU.Build.0 = Debug|Any CPU
		{07886578-0DA0-40D3-9B3C-8B3C6F822853}.Release|Any CPU.ActiveCfg = Release|Any CPU
		{07886578-0DA0-40D3-9B3C-8B3C6F822853}.Release|Any CPU.Build.0 = Release|Any CPU
		{19CB2A6C-BD81-49D9-8F6F-3E1CD55C24C9}.Debug|Any CPU.ActiveCfg = Debug|Any CPU
		{19CB2A6C-BD81-49D9-8F6F-3E1CD55C24C9}.Debug|Any CPU.Build.0 = Debug|Any CPU
		{19CB2A6C-BD81-49D9-8F6F-3E1CD55C24C9}.Release|Any CPU.ActiveCfg = Release|Any CPU
		{19CB2A6C-BD81-49D9-8F6F-3E1CD55C24C9}.Release|Any CPU.Build.0 = Release|Any CPU
		{4F877FC8-E45C-4387-BDCC-CFEB5ABA4EE9}.Debug|Any CPU.ActiveCfg = Debug|Any CPU
		{4F877FC8-E45C-4387-BDCC-CFEB5ABA4EE9}.Debug|Any CPU.Build.0 = Debug|Any CPU
		{4F877FC8-E45C-4387-BDCC-CFEB5ABA4EE9}.Release|Any CPU.ActiveCfg = Release|Any CPU
		{4F877FC8-E45C-4387-BDCC-CFEB5ABA4EE9}.Release|Any CPU.Build.0 = Release|Any CPU
	EndGlobalSection
	GlobalSection(SolutionProperties) = preSolution
		HideSolutionNode = FALSE
	EndGlobalSection
	GlobalSection(ExtensibilityGlobals) = postSolution
		SolutionGuid = {329F69E7-8DAF-4AE4-9BB6-07C051F1C3EE}
	EndGlobalSection
EndGlobal
